{
  "name": "graphql-tour-interfaces-and-unions",
  "version": "1.0.0",
  "lockfileVersion": 1,
  "requires": true,
  "dependencies": {
    "co": {
      "version": "4.6.0",
      "resolved": "https://registry.npmjs.org/co/-/co-4.6.0.tgz",
      "integrity": "sha1-bqa989hTrlTMuOR7+gvz+QMfsYQ="
    },
    "debug": {
      "version": "2.6.9",
      "resolved": "https://registry.npmjs.org/debug/-/debug-2.6.9.tgz",
      "integrity": "sha512-bC7ElrdJaJnPbAP+1EotYvqZsb3ecl5wi6Bfi6BJTUcNowp6cvspg0jXznRTKDjm/E7AdgFBVeAPVMNcKGsHMA==",
      "requires": {
        "ms": "2.0.0"
      }
    },
    "graph.ql": {
      "version": "2.0.2",
      "resolved": "https://registry.npmjs.org/graph.ql/-/graph.ql-2.0.2.tgz",
      "integrity": "sha1-daM3FB7AtGpPaPIMDoj2hp1QlVs=",
      "requires": {
        "co": "4.6.0",
        "debug": "2.6.9",
        "graphql": "0.9.1"
      }
    },
    "graphql": {
      "version": "0.9.1",
      "resolved": "https://registry.npmjs.org/graphql/-/graphql-0.9.1.tgz",
      "integrity": "sha1-9NFUy+wFTUpdOxvpXyNDXAmqhsg=",
      "requires": {
        "iterall": "1.0.3"
      }
    },
    "iterall": {
      "version": "1.0.3",
      "resolved": "https://registry.npmjs.org/iterall/-/iterall-1.0.3.tgz",
      "integrity": "sha1-4LMZWPg1ATwyP/CxCUOCmsaapLc="
    },
    "ms": {
      "version": "2.0.0",
      "resolved": "https://registry.npmjs.org/ms/-/ms-2.0.0.tgz",
      "integrity": "sha1-VgiurfwAvmwpAd9fmGF4jeDVl8g="
    }
  }
}
